// !$*UTF8*$!
{
	archiveVersion = 1;
	classes = {
	};
	objectVersion = 51;
	objects = {

/* Begin PBXBuildFile section */
		8436C4012568380600C2FCCD /* SunsetterApp.swift in Sources */ = {isa = PBXBuildFile; fileRef = 8436C4002568380600C2FCCD /* SunsetterApp.swift */; };
		8436C4032568380600C2FCCD /* ContentViewOld.swift in Sources */ = {isa = PBXBuildFile; fileRef = 8436C4022568380600C2FCCD /* ContentViewOld.swift */; };
		8436C4052568380C00C2FCCD /* Assets.xcassets in Resources */ = {isa = PBXBuildFile; fileRef = 8436C4042568380C00C2FCCD /* Assets.xcassets */; };
		8436C4082568380C00C2FCCD /* Preview Assets.xcassets in Resources */ = {isa = PBXBuildFile; fileRef = 8436C4072568380C00C2FCCD /* Preview Assets.xcassets */; };
		8436C411256ACC6D00C2FCCD /* geoDB.swift in Sources */ = {isa = PBXBuildFile; fileRef = 8436C410256ACC6D00C2FCCD /* geoDB.swift */; };
		8436C414256AD3B400C2FCCD /* sunrisesunset.swift in Sources */ = {isa = PBXBuildFile; fileRef = 8436C413256AD3B400C2FCCD /* sunrisesunset.swift */; };
		843E12F8257D05DE00702526 /* GuessInProggresView.swift in Sources */ = {isa = PBXBuildFile; fileRef = 843E12F7257D05DE00702526 /* GuessInProggresView.swift */; };
		843E12FE257D457F00702526 /* City.swift in Sources */ = {isa = PBXBuildFile; fileRef = 843E12FD257D457F00702526 /* City.swift */; };
		843E1301257D4A5C00702526 /* ContentViewModel.swift in Sources */ = {isa = PBXBuildFile; fileRef = 843E1300257D4A5C00702526 /* ContentViewModel.swift */; };
		84741557257E2D6E00863B0A /* ContentViewNew.swift in Sources */ = {isa = PBXBuildFile; fileRef = 84741556257E2D6E00863B0A /* ContentViewNew.swift */; };
		8474155B257E32FC00863B0A /* BeforeStartView.swift in Sources */ = {isa = PBXBuildFile; fileRef = 8474155A257E32FC00863B0A /* BeforeStartView.swift */; };
		8474155F257E331000863B0A /* AfterGameView.swift in Sources */ = {isa = PBXBuildFile; fileRef = 8474155E257E331000863B0A /* AfterGameView.swift */; };
		848EDC1A25A0F89200C29C34 /* Launch Screen.storyboard in Resources */ = {isa = PBXBuildFile; fileRef = 848EDC1925A0F89200C29C34 /* Launch Screen.storyboard */; };
		84EB8E892583BD33001EE0D0 /* Adview.swift in Sources */ = {isa = PBXBuildFile; fileRef = 84EB8E882583BD33001EE0D0 /* Adview.swift */; };
		84EB8E8D25878B48001EE0D0 /* HalfCircleView.swift in Sources */ = {isa = PBXBuildFile; fileRef = 84EB8E8C25878B48001EE0D0 /* HalfCircleView.swift */; };
		84FEAA02256BEC2500BDCE57 /* timezoneDB.swift in Sources */ = {isa = PBXBuildFile; fileRef = 84FEAA01256BEC2500BDCE57 /* timezoneDB.swift */; };
		BCB6643CC954D44B777D7639 /* Pods_Sunsetter.framework in Frameworks */ = {isa = PBXBuildFile; fileRef = 9569CB85A69E4B0EE93115B7 /* Pods_Sunsetter.framework */; };
/* End PBXBuildFile section */

/* Begin PBXFileReference section */
		6DB9C953938C1126706FC82F /* Pods-Sunsetter.debug.xcconfig */ = {isa = PBXFileReference; includeInIndex = 1; lastKnownFileType = text.xcconfig; name = "Pods-Sunsetter.debug.xcconfig"; path = "Target Support Files/Pods-Sunsetter/Pods-Sunsetter.debug.xcconfig"; sourceTree = "<group>"; };
		8436C3FD2568380600C2FCCD /* Sunsetter.app */ = {isa = PBXFileReference; explicitFileType = wrapper.application; includeInIndex = 0; path = Sunsetter.app; sourceTree = BUILT_PRODUCTS_DIR; };
		8436C4002568380600C2FCCD /* SunsetterApp.swift */ = {isa = PBXFileReference; lastKnownFileType = sourcecode.swift; path = SunsetterApp.swift; sourceTree = "<group>"; };
		8436C4022568380600C2FCCD /* ContentViewOld.swift */ = {isa = PBXFileReference; lastKnownFileType = sourcecode.swift; path = ContentViewOld.swift; sourceTree = "<group>"; };
		8436C4042568380C00C2FCCD /* Assets.xcassets */ = {isa = PBXFileReference; lastKnownFileType = folder.assetcatalog; path = Assets.xcassets; sourceTree = "<group>"; };
		8436C4072568380C00C2FCCD /* Preview Assets.xcassets */ = {isa = PBXFileReference; lastKnownFileType = folder.assetcatalog; path = "Preview Assets.xcassets"; sourceTree = "<group>"; };
		8436C4092568380C00C2FCCD /* Info.plist */ = {isa = PBXFileReference; lastKnownFileType = text.plist.xml; path = Info.plist; sourceTree = "<group>"; };
		8436C410256ACC6D00C2FCCD /* geoDB.swift */ = {isa = PBXFileReference; lastKnownFileType = sourcecode.swift; path = geoDB.swift; sourceTree = "<group>"; };
		8436C413256AD3B400C2FCCD /* sunrisesunset.swift */ = {isa = PBXFileReference; lastKnownFileType = sourcecode.swift; path = sunrisesunset.swift; sourceTree = "<group>"; };
		843E12F7257D05DE00702526 /* GuessInProggresView.swift */ = {isa = PBXFileReference; lastKnownFileType = sourcecode.swift; path = GuessInProggresView.swift; sourceTree = "<group>"; };
		843E12FD257D457F00702526 /* City.swift */ = {isa = PBXFileReference; lastKnownFileType = sourcecode.swift; path = City.swift; sourceTree = "<group>"; };
		843E1300257D4A5C00702526 /* ContentViewModel.swift */ = {isa = PBXFileReference; lastKnownFileType = sourcecode.swift; path = ContentViewModel.swift; sourceTree = "<group>"; };
		84741556257E2D6E00863B0A /* ContentViewNew.swift */ = {isa = PBXFileReference; lastKnownFileType = sourcecode.swift; path = ContentViewNew.swift; sourceTree = "<group>"; };
		8474155A257E32FC00863B0A /* BeforeStartView.swift */ = {isa = PBXFileReference; lastKnownFileType = sourcecode.swift; path = BeforeStartView.swift; sourceTree = "<group>"; };
		8474155E257E331000863B0A /* AfterGameView.swift */ = {isa = PBXFileReference; lastKnownFileType = sourcecode.swift; path = AfterGameView.swift; sourceTree = "<group>"; };
		848EDC1925A0F89200C29C34 /* Launch Screen.storyboard */ = {isa = PBXFileReference; lastKnownFileType = file.storyboard; path = "Launch Screen.storyboard"; sourceTree = "<group>"; };
		84EB8E882583BD33001EE0D0 /* Adview.swift */ = {isa = PBXFileReference; lastKnownFileType = sourcecode.swift; path = Adview.swift; sourceTree = "<group>"; };
		84EB8E8C25878B48001EE0D0 /* HalfCircleView.swift */ = {isa = PBXFileReference; lastKnownFileType = sourcecode.swift; path = HalfCircleView.swift; sourceTree = "<group>"; };
		84FEAA01256BEC2500BDCE57 /* timezoneDB.swift */ = {isa = PBXFileReference; lastKnownFileType = sourcecode.swift; path = timezoneDB.swift; sourceTree = "<group>"; };
		9569CB85A69E4B0EE93115B7 /* Pods_Sunsetter.framework */ = {isa = PBXFileReference; explicitFileType = wrapper.framework; includeInIndex = 0; path = Pods_Sunsetter.framework; sourceTree = BUILT_PRODUCTS_DIR; };
		D0D2C4FE5DE65ECE70EE4C8B /* Pods-Sunsetter.release.xcconfig */ = {isa = PBXFileReference; includeInIndex = 1; lastKnownFileType = text.xcconfig; name = "Pods-Sunsetter.release.xcconfig"; path = "Target Support Files/Pods-Sunsetter/Pods-Sunsetter.release.xcconfig"; sourceTree = "<group>"; };
/* End PBXFileReference section */

/* Begin PBXFrameworksBuildPhase section */
		8436C3FA2568380600C2FCCD /* Frameworks */ = {
			isa = PBXFrameworksBuildPhase;
			buildActionMask = 2147483647;
			files = (
				BCB6643CC954D44B777D7639 /* Pods_Sunsetter.framework in Frameworks */,
			);
			runOnlyForDeploymentPostprocessing = 0;
		};
/* End PBXFrameworksBuildPhase section */

/* Begin PBXGroup section */
		0C6AB11CA332583983A2975E /* Pods */ = {
			isa = PBXGroup;
			children = (
				6DB9C953938C1126706FC82F /* Pods-Sunsetter.debug.xcconfig */,
				D0D2C4FE5DE65ECE70EE4C8B /* Pods-Sunsetter.release.xcconfig */,
			);
			path = Pods;
			sourceTree = "<group>";
		};
		110A2C0E01F7079E1F895871 /* Frameworks */ = {
			isa = PBXGroup;
			children = (
				9569CB85A69E4B0EE93115B7 /* Pods_Sunsetter.framework */,
			);
			name = Frameworks;
			sourceTree = "<group>";
		};
		8436C3F42568380600C2FCCD = {
			isa = PBXGroup;
			children = (
				848EDC1925A0F89200C29C34 /* Launch Screen.storyboard */,
				8436C3FF2568380600C2FCCD /* Sunsetter */,
				8436C3FE2568380600C2FCCD /* Products */,
				0C6AB11CA332583983A2975E /* Pods */,
				110A2C0E01F7079E1F895871 /* Frameworks */,
			);
			sourceTree = "<group>";
		};
		8436C3FE2568380600C2FCCD /* Products */ = {
			isa = PBXGroup;
			children = (
				8436C3FD2568380600C2FCCD /* Sunsetter.app */,
			);
			name = Products;
			sourceTree = "<group>";
		};
		8436C3FF2568380600C2FCCD /* Sunsetter */ = {
			isa = PBXGroup;
			children = (
				84741561257E331D00863B0A /* Views */,
				843E12FA257D05E800702526 /* APIs */,
				8436C4002568380600C2FCCD /* SunsetterApp.swift */,
				843E1300257D4A5C00702526 /* ContentViewModel.swift */,
				843E12FD257D457F00702526 /* City.swift */,
				84EB8E882583BD33001EE0D0 /* Adview.swift */,
				8436C4042568380C00C2FCCD /* Assets.xcassets */,
				8436C4092568380C00C2FCCD /* Info.plist */,
				8436C4062568380C00C2FCCD /* Preview Content */,
			);
			path = Sunsetter;
			sourceTree = "<group>";
		};
		8436C4062568380C00C2FCCD /* Preview Content */ = {
			isa = PBXGroup;
			children = (
				8436C4072568380C00C2FCCD /* Preview Assets.xcassets */,
			);
			path = "Preview Content";
			sourceTree = "<group>";
		};
		843E12FA257D05E800702526 /* APIs */ = {
			isa = PBXGroup;
			children = (
				8436C410256ACC6D00C2FCCD /* geoDB.swift */,
				8436C413256AD3B400C2FCCD /* sunrisesunset.swift */,
				84FEAA01256BEC2500BDCE57 /* timezoneDB.swift */,
			);
			path = APIs;
			sourceTree = "<group>";
		};
		84741561257E331D00863B0A /* Views */ = {
			isa = PBXGroup;
			children = (
				8436C4022568380600C2FCCD /* ContentViewOld.swift */,
				84EB8E8C25878B48001EE0D0 /* HalfCircleView.swift */,
				84741556257E2D6E00863B0A /* ContentViewNew.swift */,
				8474155A257E32FC00863B0A /* BeforeStartView.swift */,
				843E12F7257D05DE00702526 /* GuessInProggresView.swift */,
				8474155E257E331000863B0A /* AfterGameView.swift */,
			);
			path = Views;
			sourceTree = "<group>";
		};
/* End PBXGroup section */

/* Begin PBXNativeTarget section */
		8436C3FC2568380600C2FCCD /* Sunsetter */ = {
			isa = PBXNativeTarget;
			buildConfigurationList = 8436C40C2568380C00C2FCCD /* Build configuration list for PBXNativeTarget "Sunsetter" */;
			buildPhases = (
				BE1C0C3BFA5DFF7768E22F35 /* [CP] Check Pods Manifest.lock */,
				C58C260A1A8830A6710BBBC0 /* [CP] Prepare Artifacts */,
				8436C3F92568380600C2FCCD /* Sources */,
				8436C3FA2568380600C2FCCD /* Frameworks */,
				8436C3FB2568380600C2FCCD /* Resources */,
				77549C65C4B63711218C9D39 /* [CP] Embed Pods Frameworks */,
			);
			buildRules = (
			);
			dependencies = (
			);
			name = Sunsetter;
			productName = Sunsetter;
			productReference = 8436C3FD2568380600C2FCCD /* Sunsetter.app */;
			productType = "com.apple.product-type.application";
		};
/* End PBXNativeTarget section */

/* Begin PBXProject section */
		8436C3F52568380600C2FCCD /* Project object */ = {
			isa = PBXProject;
			attributes = {
				LastSwiftUpdateCheck = 1220;
				LastUpgradeCheck = 1220;
				TargetAttributes = {
					8436C3FC2568380600C2FCCD = {
						CreatedOnToolsVersion = 12.2;
					};
				};
			};
			buildConfigurationList = 8436C3F82568380600C2FCCD /* Build configuration list for PBXProject "Sunsetter" */;
			compatibilityVersion = "Xcode 9.3";
			developmentRegion = en;
			hasScannedForEncodings = 0;
			knownRegions = (
				en,
				Base,
			);
			mainGroup = 8436C3F42568380600C2FCCD;
			productRefGroup = 8436C3FE2568380600C2FCCD /* Products */;
			projectDirPath = "";
			projectRoot = "";
			targets = (
				8436C3FC2568380600C2FCCD /* Sunsetter */,
			);
		};
/* End PBXProject section */

/* Begin PBXResourcesBuildPhase section */
		8436C3FB2568380600C2FCCD /* Resources */ = {
			isa = PBXResourcesBuildPhase;
			buildActionMask = 2147483647;
			files = (
				848EDC1A25A0F89200C29C34 /* Launch Screen.storyboard in Resources */,
				8436C4082568380C00C2FCCD /* Preview Assets.xcassets in Resources */,
				8436C4052568380C00C2FCCD /* Assets.xcassets in Resources */,
			);
			runOnlyForDeploymentPostprocessing = 0;
		};
/* End PBXResourcesBuildPhase section */

/* Begin PBXShellScriptBuildPhase section */
		77549C65C4B63711218C9D39 /* [CP] Embed Pods Frameworks */ = {
			isa = PBXShellScriptBuildPhase;
			buildActionMask = 2147483647;
			files = (
			);
			inputFileListPaths = (
				"${PODS_ROOT}/Target Support Files/Pods-Sunsetter/Pods-Sunsetter-frameworks-${CONFIGURATION}-input-files.xcfilelist",
			);
			name = "[CP] Embed Pods Frameworks";
			outputFileListPaths = (
				"${PODS_ROOT}/Target Support Files/Pods-Sunsetter/Pods-Sunsetter-frameworks-${CONFIGURATION}-output-files.xcfilelist",
			);
			runOnlyForDeploymentPostprocessing = 0;
			shellPath = /bin/sh;
			shellScript = "\"${PODS_ROOT}/Target Support Files/Pods-Sunsetter/Pods-Sunsetter-frameworks.sh\"\n";
			showEnvVarsInLog = 0;
		};
		BE1C0C3BFA5DFF7768E22F35 /* [CP] Check Pods Manifest.lock */ = {
			isa = PBXShellScriptBuildPhase;
			buildActionMask = 2147483647;
			files = (
			);
			inputFileListPaths = (
			);
			inputPaths = (
				"${PODS_PODFILE_DIR_PATH}/Podfile.lock",
				"${PODS_ROOT}/Manifest.lock",
			);
			name = "[CP] Check Pods Manifest.lock";
			outputFileListPaths = (
			);
			outputPaths = (
				"$(DERIVED_FILE_DIR)/Pods-Sunsetter-checkManifestLockResult.txt",
			);
			runOnlyForDeploymentPostprocessing = 0;
			shellPath = /bin/sh;
			shellScript = "diff \"${PODS_PODFILE_DIR_PATH}/Podfile.lock\" \"${PODS_ROOT}/Manifest.lock\" > /dev/null\nif [ $? != 0 ] ; then\n    # print error to STDERR\n    echo \"error: The sandbox is not in sync with the Podfile.lock. Run 'pod install' or update your CocoaPods installation.\" >&2\n    exit 1\nfi\n# This output is used by Xcode 'outputs' to avoid re-running this script phase.\necho \"SUCCESS\" > \"${SCRIPT_OUTPUT_FILE_0}\"\n";
			showEnvVarsInLog = 0;
		};
		C58C260A1A8830A6710BBBC0 /* [CP] Prepare Artifacts */ = {
			isa = PBXShellScriptBuildPhase;
			buildActionMask = 2147483647;
			files = (
			);
			inputFileListPaths = (
				"${PODS_ROOT}/Target Support Files/Pods-Sunsetter/Pods-Sunsetter-artifacts-${CONFIGURATION}-input-files.xcfilelist",
			);
			name = "[CP] Prepare Artifacts";
			outputFileListPaths = (
				"${PODS_ROOT}/Target Support Files/Pods-Sunsetter/Pods-Sunsetter-artifacts-${CONFIGURATION}-output-files.xcfilelist",
			);
			runOnlyForDeploymentPostprocessing = 0;
			shellPath = /bin/sh;
			shellScript = "\"${PODS_ROOT}/Target Support Files/Pods-Sunsetter/Pods-Sunsetter-artifacts.sh\"\n";
			showEnvVarsInLog = 0;
		};
/* End PBXShellScriptBuildPhase section */

/* Begin PBXSourcesBuildPhase section */
		8436C3F92568380600C2FCCD /* Sources */ = {
			isa = PBXSourcesBuildPhase;
			buildActionMask = 2147483647;
			files = (
				843E12F8257D05DE00702526 /* GuessInProggresView.swift in Sources */,
				8436C4032568380600C2FCCD /* ContentViewOld.swift in Sources */,
				8436C414256AD3B400C2FCCD /* sunrisesunset.swift in Sources */,
				84FEAA02256BEC2500BDCE57 /* timezoneDB.swift in Sources */,
				84EB8E8D25878B48001EE0D0 /* HalfCircleView.swift in Sources */,
				8474155B257E32FC00863B0A /* BeforeStartView.swift in Sources */,
				8436C4012568380600C2FCCD /* SunsetterApp.swift in Sources */,
				843E12FE257D457F00702526 /* City.swift in Sources */,
				84741557257E2D6E00863B0A /* ContentViewNew.swift in Sources */,
				843E1301257D4A5C00702526 /* ContentViewModel.swift in Sources */,
				8436C411256ACC6D00C2FCCD /* geoDB.swift in Sources */,
				8474155F257E331000863B0A /* AfterGameView.swift in Sources */,
				84EB8E892583BD33001EE0D0 /* Adview.swift in Sources */,
			);
			runOnlyForDeploymentPostprocessing = 0;
		};
/* End PBXSourcesBuildPhase section */

/* Begin XCBuildConfiguration section */
		8436C40A2568380C00C2FCCD /* Debug */ = {
			isa = XCBuildConfiguration;
			buildSettings = {
				ALWAYS_SEARCH_USER_PATHS = NO;
				CLANG_ANALYZER_NONNULL = YES;
				CLANG_ANALYZER_NUMBER_OBJECT_CONVERSION = YES_AGGRESSIVE;
				CLANG_CXX_LANGUAGE_STANDARD = "gnu++14";
				CLANG_CXX_LIBRARY = "libc++";
				CLANG_ENABLE_MODULES = YES;
				CLANG_ENABLE_OBJC_ARC = YES;
				CLANG_ENABLE_OBJC_WEAK = YES;
				CLANG_WARN_BLOCK_CAPTURE_AUTORELEASING = YES;
				CLANG_WARN_BOOL_CONVERSION = YES;
				CLANG_WARN_COMMA = YES;
				CLANG_WARN_CONSTANT_CONVERSION = YES;
				CLANG_WARN_DEPRECATED_OBJC_IMPLEMENTATIONS = YES;
				CLANG_WARN_DIRECT_OBJC_ISA_USAGE = YES_ERROR;
				CLANG_WARN_DOCUMENTATION_COMMENTS = YES;
				CLANG_WARN_EMPTY_BODY = YES;
				CLANG_WARN_ENUM_CONVERSION = YES;
				CLANG_WARN_INFINITE_RECURSION = YES;
				CLANG_WARN_INT_CONVERSION = YES;
				CLANG_WARN_NON_LITERAL_NULL_CONVERSION = YES;
				CLANG_WARN_OBJC_IMPLICIT_RETAIN_SELF = YES;
				CLANG_WARN_OBJC_LITERAL_CONVERSION = YES;
				CLANG_WARN_OBJC_ROOT_CLASS = YES_ERROR;
				CLANG_WARN_QUOTED_INCLUDE_IN_FRAMEWORK_HEADER = YES;
				CLANG_WARN_RANGE_LOOP_ANALYSIS = YES;
				CLANG_WARN_STRICT_PROTOTYPES = YES;
				CLANG_WARN_SUSPICIOUS_MOVE = YES;
				CLANG_WARN_UNGUARDED_AVAILABILITY = YES_AGGRESSIVE;
				CLANG_WARN_UNREACHABLE_CODE = YES;
				CLANG_WARN__DUPLICATE_METHOD_MATCH = YES;
				COPY_PHASE_STRIP = NO;
				DEBUG_INFORMATION_FORMAT = dwarf;
				ENABLE_STRICT_OBJC_MSGSEND = YES;
				ENABLE_TESTABILITY = YES;
				GCC_C_LANGUAGE_STANDARD = gnu11;
				GCC_DYNAMIC_NO_PIC = NO;
				GCC_NO_COMMON_BLOCKS = YES;
				GCC_OPTIMIZATION_LEVEL = 0;
				GCC_PREPROCESSOR_DEFINITIONS = (
					"DEBUG=1",
					"$(inherited)",
				);
				GCC_WARN_64_TO_32_BIT_CONVERSION = YES;
				GCC_WARN_ABOUT_RETURN_TYPE = YES_ERROR;
				GCC_WARN_UNDECLARED_SELECTOR = YES;
				GCC_WARN_UNINITIALIZED_AUTOS = YES_AGGRESSIVE;
				GCC_WARN_UNUSED_FUNCTION = YES;
				GCC_WARN_UNUSED_VARIABLE = YES;
				IPHONEOS_DEPLOYMENT_TARGET = 14.2;
				MTL_ENABLE_DEBUG_INFO = INCLUDE_SOURCE;
				MTL_FAST_MATH = YES;
				ONLY_ACTIVE_ARCH = YES;
				SDKROOT = iphoneos;
				SWIFT_ACTIVE_COMPILATION_CONDITIONS = DEBUG;
				SWIFT_OPTIMIZATION_LEVEL = "-Onone";
			};
			name = Debug;
		};
		8436C40B2568380C00C2FCCD /* Release */ = {
			isa = XCBuildConfiguration;
			buildSettings = {
				ALWAYS_SEARCH_USER_PATHS = NO;
				CLANG_ANALYZER_NONNULL = YES;
				CLANG_ANALYZER_NUMBER_OBJECT_CONVERSION = YES_AGGRESSIVE;
				CLANG_CXX_LANGUAGE_STANDARD = "gnu++14";
				CLANG_CXX_LIBRARY = "libc++";
				CLANG_ENABLE_MODULES = YES;
				CLANG_ENABLE_OBJC_ARC = YES;
				CLANG_ENABLE_OBJC_WEAK = YES;
				CLANG_WARN_BLOCK_CAPTURE_AUTORELEASING = YES;
				CLANG_WARN_BOOL_CONVERSION = YES;
				CLANG_WARN_COMMA = YES;
				CLANG_WARN_CONSTANT_CONVERSION = YES;
				CLANG_WARN_DEPRECATED_OBJC_IMPLEMENTATIONS = YES;
				CLANG_WARN_DIRECT_OBJC_ISA_USAGE = YES_ERROR;
				CLANG_WARN_DOCUMENTATION_COMMENTS = YES;
				CLANG_WARN_EMPTY_BODY = YES;
				CLANG_WARN_ENUM_CONVERSION = YES;
				CLANG_WARN_INFINITE_RECURSION = YES;
				CLANG_WARN_INT_CONVERSION = YES;
				CLANG_WARN_NON_LITERAL_NULL_CONVERSION = YES;
				CLANG_WARN_OBJC_IMPLICIT_RETAIN_SELF = YES;
				CLANG_WARN_OBJC_LITERAL_CONVERSION = YES;
				CLANG_WARN_OBJC_ROOT_CLASS = YES_ERROR;
				CLANG_WARN_QUOTED_INCLUDE_IN_FRAMEWORK_HEADER = YES;
				CLANG_WARN_RANGE_LOOP_ANALYSIS = YES;
				CLANG_WARN_STRICT_PROTOTYPES = YES;
				CLANG_WARN_SUSPICIOUS_MOVE = YES;
				CLANG_WARN_UNGUARDED_AVAILABILITY = YES_AGGRESSIVE;
				CLANG_WARN_UNREACHABLE_CODE = YES;
				CLANG_WARN__DUPLICATE_METHOD_MATCH = YES;
				COPY_PHASE_STRIP = NO;
				DEBUG_INFORMATION_FORMAT = "dwarf-with-dsym";
				ENABLE_NS_ASSERTIONS = NO;
				ENABLE_STRICT_OBJC_MSGSEND = YES;
				GCC_C_LANGUAGE_STANDARD = gnu11;
				GCC_NO_COMMON_BLOCKS = YES;
				GCC_WARN_64_TO_32_BIT_CONVERSION = YES;
				GCC_WARN_ABOUT_RETURN_TYPE = YES_ERROR;
				GCC_WARN_UNDECLARED_SELECTOR = YES;
				GCC_WARN_UNINITIALIZED_AUTOS = YES_AGGRESSIVE;
				GCC_WARN_UNUSED_FUNCTION = YES;
				GCC_WARN_UNUSED_VARIABLE = YES;
				IPHONEOS_DEPLOYMENT_TARGET = 14.2;
				MTL_ENABLE_DEBUG_INFO = NO;
				MTL_FAST_MATH = YES;
				SDKROOT = iphoneos;
				SWIFT_COMPILATION_MODE = wholemodule;
				SWIFT_OPTIMIZATION_LEVEL = "-O";
				VALIDATE_PRODUCT = YES;
			};
			name = Release;
		};
		8436C40D2568380C00C2FCCD /* Debug */ = {
			isa = XCBuildConfiguration;
			baseConfigurationReference = 6DB9C953938C1126706FC82F /* Pods-Sunsetter.debug.xcconfig */;
			buildSettings = {
				ASSETCATALOG_COMPILER_APPICON_NAME = AppIcon;
				ASSETCATALOG_COMPILER_GLOBAL_ACCENT_COLOR_NAME = AccentColor;
				CODE_SIGN_STYLE = Automatic;
				DEVELOPMENT_ASSET_PATHS = "\"Sunsetter/Preview Content\"";
				DEVELOPMENT_TEAM = 28QJ5365R9;
				ENABLE_PREVIEWS = YES;
				INFOPLIST_FILE = Sunsetter/Info.plist;
				IPHONEOS_DEPLOYMENT_TARGET = 14.0;
				LD_RUNPATH_SEARCH_PATHS = (
					"$(inherited)",
					"@executable_path/Frameworks",
				);
				PRODUCT_BUNDLE_IDENTIFIER = se.erikpersson.Sunsetter;
				PRODUCT_NAME = "$(TARGET_NAME)";
				SWIFT_VERSION = 5.0;
				TARGETED_DEVICE_FAMILY = "1,2";
			};
			name = Debug;
		};
		8436C40E2568380C00C2FCCD /* Release */ = {
			isa = XCBuildConfiguration;
			baseConfigurationReference = D0D2C4FE5DE65ECE70EE4C8B /* Pods-Sunsetter.release.xcconfig */;
			buildSettings = {
				ASSETCATALOG_COMPILER_APPICON_NAME = AppIcon;
				ASSETCATALOG_COMPILER_GLOBAL_ACCENT_COLOR_NAME = AccentColor;
				CODE_SIGN_STYLE = Automatic;
				DEVELOPMENT_ASSET_PATHS = "\"Sunsetter/Preview Content\"";
				DEVELOPMENT_TEAM = 28QJ5365R9;
				ENABLE_PREVIEWS = YES;
				INFOPLIST_FILE = Sunsetter/Info.plist;
				IPHONEOS_DEPLOYMENT_TARGET = 14.0;
				LD_RUNPATH_SEARCH_PATHS = (
					"$(inherited)",
					"@executable_path/Frameworks",
				);
				PRODUCT_BUNDLE_IDENTIFIER = se.erikpersson.Sunsetter;
				PRODUCT_NAME = "$(TARGET_NAME)";
				SWIFT_VERSION = 5.0;
				TARGETED_DEVICE_FAMILY = "1,2";
			};
			name = Release;
		};
/* End XCBuildConfiguration section */

/* Begin XCConfigurationList section */
		8436C3F82568380600C2FCCD /* Build configuration list for PBXProject "Sunsetter" */ = {
			isa = XCConfigurationList;
			buildConfigurations = (
				8436C40A2568380C00C2FCCD /* Debug */,
				8436C40B2568380C00C2FCCD /* Release */,
			);
			defaultConfigurationIsVisible = 0;
			defaultConfigurationName = Release;
		};
		8436C40C2568380C00C2FCCD /* Build configuration list for PBXNativeTarget "Sunsetter" */ = {
			isa = XCConfigurationList;
			buildConfigurations = (
				8436C40D2568380C00C2FCCD /* Debug */,
				8436C40E2568380C00C2FCCD /* Release */,
			);
			defaultConfigurationIsVisible = 0;
			defaultConfigurationName = Release;
		};
/* End XCConfigurationList section */
	};
	rootObject = 8436C3F52568380600C2FCCD /* Project object */;
}
